{
  "name": "assets",
  "lockfileVersion": 2,
  "requires": true,
  "packages": {
    "": {
      "dependencies": {
        "htmx.org": "^1.7.0"
      }
    },
    "node_modules/htmx.org": {
      "version": "1.7.0",
      "resolved": "https://registry.npmjs.org/htmx.org/-/htmx.org-1.7.0.tgz",
      "integrity": "sha512-wIQ3yNq7yiLTm+6BhV7Z8qKKTzEQv9xN/I4QsN5FvdGi69SNWTsSMlhH69HPa1rpZ8zSq1A/e7gTbTySxliP8g=="
    }
  },
  "dependencies": {
    "htmx.org": {
      "version": "1.7.0",
      "resolved": "https://registry.npmjs.org/htmx.org/-/htmx.org-1.7.0.tgz",
      "integrity": "sha512-wIQ3yNq7yiLTm+6BhV7Z8qKKTzEQv9xN/I4QsN5FvdGi69SNWTsSMlhH69HPa1rpZ8zSq1A/e7gTbTySxliP8g=="
    }
  }
}
